
Microsoft Visual Studio Solution File, Format Version 12.00
# Visual Studio Version 16
VisualStudioVersion = 16.0.30621.155
MinimumVisualStudioVersion = 10.0.40219.1
Project("{FAE04EC0-301F-11D3-BF4B-00C04F79EFBC}") = "PowerOfThree", "PowerOfThree\PowerOfThree.csproj", "{C63B6AE1-7950-4227-B62F-3CFB8B70282F}"
EndProject
Global
	GlobalSection(SolutionConfigurationPlatforms) = preSolution
		Debug|Any CPU = Debug|Any CPU
		Release|Any CPU = Release|Any CPU
	EndGlobalSection
	GlobalSection(ProjectConfigurationPlatforms) = postSolution
		{C63B6AE1-7950-4227-B62F-3CFB8B70282F}.Debug|Any CPU.ActiveCfg = Debug|Any CPU
		{C63B6AE1-7950-4227-B62F-3CFB8B70282F}.Debug|Any CPU.Build.0 = Debug|Any CPU
		{C63B6AE1-7950-4227-B62F-3CFB8B70282F}.Release|Any CPU.ActiveCfg = Release|Any CPU
		{C63B6AE1-7950-4227-B62F-3CFB8B70282F}.Release|Any CPU.Build.0 = Release|Any CPU
	EndGlobalSection
	GlobalSection(SolutionProperties) = preSolution
		HideSolutionNode = FALSE
	EndGlobalSection
	GlobalSection(ExtensibilityGlobals) = postSolution
		SolutionGuid = {9E3D362E-651F-4A9C-9395-AA8A3FDE0AC7}
	EndGlobalSection
EndGlobal
