
Microsoft Visual Studio Solution File, Format Version 12.00
# Visual Studio Version 16
VisualStudioVersion = 16.0.30621.155
MinimumVisualStudioVersion = 10.0.40219.1
Project("{FAE04EC0-301F-11D3-BF4B-00C04F79EFBC}") = "ConsoleApp2", "ConsoleApp2\ConsoleApp2.csproj", "{834C4911-48D5-41CA-9881-2C258B290E8B}"
EndProject
Global
	GlobalSection(SolutionConfigurationPlatforms) = preSolution
		Debug|Any CPU = Debug|Any CPU
		Release|Any CPU = Release|Any CPU
	EndGlobalSection
	GlobalSection(ProjectConfigurationPlatforms) = postSolution
		{834C4911-48D5-41CA-9881-2C258B290E8B}.Debug|Any CPU.ActiveCfg = Debug|Any CPU
		{834C4911-48D5-41CA-9881-2C258B290E8B}.Debug|Any CPU.Build.0 = Debug|Any CPU
		{834C4911-48D5-41CA-9881-2C258B290E8B}.Release|Any CPU.ActiveCfg = Release|Any CPU
		{834C4911-48D5-41CA-9881-2C258B290E8B}.Release|Any CPU.Build.0 = Release|Any CPU
	EndGlobalSection
	GlobalSection(SolutionProperties) = preSolution
		HideSolutionNode = FALSE
	EndGlobalSection
	GlobalSection(ExtensibilityGlobals) = postSolution
		SolutionGuid = {FA356CC8-B09F-418C-8EDA-AB498BA56E6A}
	EndGlobalSection
EndGlobal
